
Microsoft Visual Studio Solution File, Format Version 12.00
# Visual Studio Version 17
VisualStudioVersion = 17.11.35327.3
MinimumVisualStudioVersion = 10.0.40219.1
Project("{8BC9CEB8-8B4A-11D0-8D11-00A0C91BC942}") = "汉诺塔递归", "汉诺塔递归\汉诺塔递归.vcxproj", "{63712EAF-103F-4128-9127-33A299A66D57}"
EndProject
Global
	GlobalSection(SolutionConfigurationPlatforms) = preSolution
		Debug|x64 = Debug|x64
		Debug|x86 = Debug|x86
		Release|x64 = Release|x64
		Release|x86 = Release|x86
	EndGlobalSection
	GlobalSection(ProjectConfigurationPlatforms) = postSolution
		{63712EAF-103F-4128-9127-33A299A66D57}.Debug|x64.ActiveCfg = Debug|x64
		{63712EAF-103F-4128-9127-33A299A66D57}.Debug|x64.Build.0 = Debug|x64
		{63712EAF-103F-4128-9127-33A299A66D57}.Debug|x86.ActiveCfg = Debug|Win32
		{63712EAF-103F-4128-9127-33A299A66D57}.Debug|x86.Build.0 = Debug|Win32
		{63712EAF-103F-4128-9127-33A299A66D57}.Release|x64.ActiveCfg = Release|x64
		{63712EAF-103F-4128-9127-33A299A66D57}.Release|x64.Build.0 = Release|x64
		{63712EAF-103F-4128-9127-33A299A66D57}.Release|x86.ActiveCfg = Release|Win32
		{63712EAF-103F-4128-9127-33A299A66D57}.Release|x86.Build.0 = Release|Win32
	EndGlobalSection
	GlobalSection(SolutionProperties) = preSolution
		HideSolutionNode = FALSE
	EndGlobalSection
	GlobalSection(ExtensibilityGlobals) = postSolution
		SolutionGuid = {94762395-B295-40E8-9C09-5285D1E8816B}
	EndGlobalSection
EndGlobal
