
Microsoft Visual Studio Solution File, Format Version 12.00
# Visual Studio Version 17
VisualStudioVersion = 17.10.35122.118
MinimumVisualStudioVersion = 10.0.40219.1
Project("{8BC9CEB8-8B4A-11D0-8D11-00A0C91BC942}") = "HEART.C", "HEART.C\HEART.C.vcxproj", "{E2A7EB17-DCF6-416F-91A3-964D801F845B}"
EndProject
Global
	GlobalSection(SolutionConfigurationPlatforms) = preSolution
		Debug|x64 = Debug|x64
		Debug|x86 = Debug|x86
		Release|x64 = Release|x64
		Release|x86 = Release|x86
	EndGlobalSection
	GlobalSection(ProjectConfigurationPlatforms) = postSolution
		{E2A7EB17-DCF6-416F-91A3-964D801F845B}.Debug|x64.ActiveCfg = Debug|x64
		{E2A7EB17-DCF6-416F-91A3-964D801F845B}.Debug|x64.Build.0 = Debug|x64
		{E2A7EB17-DCF6-416F-91A3-964D801F845B}.Debug|x86.ActiveCfg = Debug|Win32
		{E2A7EB17-DCF6-416F-91A3-964D801F845B}.Debug|x86.Build.0 = Debug|Win32
		{E2A7EB17-DCF6-416F-91A3-964D801F845B}.Release|x64.ActiveCfg = Release|x64
		{E2A7EB17-DCF6-416F-91A3-964D801F845B}.Release|x64.Build.0 = Release|x64
		{E2A7EB17-DCF6-416F-91A3-964D801F845B}.Release|x86.ActiveCfg = Release|Win32
		{E2A7EB17-DCF6-416F-91A3-964D801F845B}.Release|x86.Build.0 = Release|Win32
	EndGlobalSection
	GlobalSection(SolutionProperties) = preSolution
		HideSolutionNode = FALSE
	EndGlobalSection
	GlobalSection(ExtensibilityGlobals) = postSolution
		SolutionGuid = {AA0747FE-3579-496D-A212-21071D32D9AE}
	EndGlobalSection
EndGlobal
