
Microsoft Visual Studio Solution File, Format Version 12.00
# Visual Studio Version 17
VisualStudioVersion = 17.11.35327.3
MinimumVisualStudioVersion = 10.0.40219.1
Project("{8BC9CEB8-8B4A-11D0-8D11-00A0C91BC942}") = "Test_date", "Test_date\Test_date.vcxproj", "{95B18FD9-0EE4-495B-B9EB-6DAEDC0EE6B6}"
EndProject
Global
	GlobalSection(SolutionConfigurationPlatforms) = preSolution
		Debug|x64 = Debug|x64
		Debug|x86 = Debug|x86
		Release|x64 = Release|x64
		Release|x86 = Release|x86
	EndGlobalSection
	GlobalSection(ProjectConfigurationPlatforms) = postSolution
		{95B18FD9-0EE4-495B-B9EB-6DAEDC0EE6B6}.Debug|x64.ActiveCfg = Debug|x64
		{95B18FD9-0EE4-495B-B9EB-6DAEDC0EE6B6}.Debug|x64.Build.0 = Debug|x64
		{95B18FD9-0EE4-495B-B9EB-6DAEDC0EE6B6}.Debug|x86.ActiveCfg = Debug|Win32
		{95B18FD9-0EE4-495B-B9EB-6DAEDC0EE6B6}.Debug|x86.Build.0 = Debug|Win32
		{95B18FD9-0EE4-495B-B9EB-6DAEDC0EE6B6}.Release|x64.ActiveCfg = Release|x64
		{95B18FD9-0EE4-495B-B9EB-6DAEDC0EE6B6}.Release|x64.Build.0 = Release|x64
		{95B18FD9-0EE4-495B-B9EB-6DAEDC0EE6B6}.Release|x86.ActiveCfg = Release|Win32
		{95B18FD9-0EE4-495B-B9EB-6DAEDC0EE6B6}.Release|x86.Build.0 = Release|Win32
	EndGlobalSection
	GlobalSection(SolutionProperties) = preSolution
		HideSolutionNode = FALSE
	EndGlobalSection
	GlobalSection(ExtensibilityGlobals) = postSolution
		SolutionGuid = {60808370-E2E1-49B3-99B7-A1C2EA2E42AD}
	EndGlobalSection
EndGlobal
